// !$*UTF8*$!
{
	archiveVersion = 1;
	classes = {
	};
	objectVersion = 50;
	objects = {

/* Begin PBXBuildFile section */
		BA4F725E20BE677C006417EA /* AppDelegate.swift in Sources */ = {isa = PBXBuildFile; fileRef = BA4F725D20BE677C006417EA /* AppDelegate.swift */; };
		BA4F726020BE677C006417EA /* ViewController.swift in Sources */ = {isa = PBXBuildFile; fileRef = BA4F725F20BE677C006417EA /* ViewController.swift */; };
		BA4F726220BE677E006417EA /* Assets.xcassets in Resources */ = {isa = PBXBuildFile; fileRef = BA4F726120BE677E006417EA /* Assets.xcassets */; };
		BA4F726520BE677E006417EA /* Main.storyboard in Resources */ = {isa = PBXBuildFile; fileRef = BA4F726320BE677E006417EA /* Main.storyboard */; };
		BA4F727120BE677E006417EA /* ShadowsocksX_dummyTests.swift in Sources */ = {isa = PBXBuildFile; fileRef = BA4F727020BE677E006417EA /* ShadowsocksX_dummyTests.swift */; };
/* End PBXBuildFile section */

/* Begin PBXContainerItemProxy section */
		BA4F726D20BE677E006417EA /* PBXContainerItemProxy */ = {
			isa = PBXContainerItemProxy;
			containerPortal = BA4F725220BE677C006417EA /* Project object */;
			proxyType = 1;
			remoteGlobalIDString = BA4F725920BE677C006417EA;
			remoteInfo = "ShadowsocksX-dummy";
		};
/* End PBXContainerItemProxy section */

/* Begin PBXFileReference section */
		BA4F725A20BE677C006417EA /* ShadowsocksX-dummy.app */ = {isa = PBXFileReference; explicitFileType = wrapper.application; includeInIndex = 0; path = "ShadowsocksX-dummy.app"; sourceTree = BUILT_PRODUCTS_DIR; };
		BA4F725D20BE677C006417EA /* AppDelegate.swift */ = {isa = PBXFileReference; lastKnownFileType = sourcecode.swift; path = AppDelegate.swift; sourceTree = "<group>"; };
		BA4F725F20BE677C006417EA /* ViewController.swift */ = {isa = PBXFileReference; lastKnownFileType = sourcecode.swift; path = ViewController.swift; sourceTree = "<group>"; };
		BA4F726120BE677E006417EA /* Assets.xcassets */ = {isa = PBXFileReference; lastKnownFileType = folder.assetcatalog; path = Assets.xcassets; sourceTree = "<group>"; };
		BA4F726420BE677E006417EA /* Base */ = {isa = PBXFileReference; lastKnownFileType = file.storyboard; name = Base; path = Base.lproj/Main.storyboard; sourceTree = "<group>"; };
		BA4F726620BE677E006417EA /* Info.plist */ = {isa = PBXFileReference; lastKnownFileType = text.plist.xml; path = Info.plist; sourceTree = "<group>"; };
		BA4F726720BE677E006417EA /* ShadowsocksX_dummy.entitlements */ = {isa = PBXFileReference; lastKnownFileType = text.plist.entitlements; path = ShadowsocksX_dummy.entitlements; sourceTree = "<group>"; };
		BA4F726C20BE677E006417EA /* ShadowsocksX-dummyTests.xctest */ = {isa = PBXFileReference; explicitFileType = wrapper.cfbundle; includeInIndex = 0; path = "ShadowsocksX-dummyTests.xctest"; sourceTree = BUILT_PRODUCTS_DIR; };
		BA4F727020BE677E006417EA /* ShadowsocksX_dummyTests.swift */ = {isa = PBXFileReference; lastKnownFileType = sourcecode.swift; path = ShadowsocksX_dummyTests.swift; sourceTree = "<group>"; };
		BA4F727220BE677E006417EA /* Info.plist */ = {isa = PBXFileReference; lastKnownFileType = text.plist.xml; path = Info.plist; sourceTree = "<group>"; };
/* End PBXFileReference section */

/* Begin PBXFrameworksBuildPhase section */
		BA4F725720BE677C006417EA /* Frameworks */ = {
			isa = PBXFrameworksBuildPhase;
			buildActionMask = 2147483647;
			files = (
			);
			runOnlyForDeploymentPostprocessing = 0;
		};
		BA4F726920BE677E006417EA /* Frameworks */ = {
			isa = PBXFrameworksBuildPhase;
			buildActionMask = 2147483647;
			files = (
			);
			runOnlyForDeploymentPostprocessing = 0;
		};
/* End PBXFrameworksBuildPhase section */

/* Begin PBXGroup section */
		BA4F725120BE677C006417EA = {
			isa = PBXGroup;
			children = (
				BA4F725C20BE677C006417EA /* ShadowsocksX-dummy */,
				BA4F726F20BE677E006417EA /* ShadowsocksX-dummyTests */,
				BA4F725B20BE677C006417EA /* Products */,
			);
			sourceTree = "<group>";
		};
		BA4F725B20BE677C006417EA /* Products */ = {
			isa = PBXGroup;
			children = (
				BA4F725A20BE677C006417EA /* ShadowsocksX-dummy.app */,
				BA4F726C20BE677E006417EA /* ShadowsocksX-dummyTests.xctest */,
			);
			name = Products;
			sourceTree = "<group>";
		};
		BA4F725C20BE677C006417EA /* ShadowsocksX-dummy */ = {
			isa = PBXGroup;
			children = (
				BA4F725D20BE677C006417EA /* AppDelegate.swift */,
				BA4F725F20BE677C006417EA /* ViewController.swift */,
				BA4F726120BE677E006417EA /* Assets.xcassets */,
				BA4F726320BE677E006417EA /* Main.storyboard */,
				BA4F726620BE677E006417EA /* Info.plist */,
				BA4F726720BE677E006417EA /* ShadowsocksX_dummy.entitlements */,
			);
			path = "ShadowsocksX-dummy";
			sourceTree = "<group>";
		};
		BA4F726F20BE677E006417EA /* ShadowsocksX-dummyTests */ = {
			isa = PBXGroup;
			children = (
				BA4F727020BE677E006417EA /* ShadowsocksX_dummyTests.swift */,
				BA4F727220BE677E006417EA /* Info.plist */,
			);
			path = "ShadowsocksX-dummyTests";
			sourceTree = "<group>";
		};
/* End PBXGroup section */

/* Begin PBXNativeTarget section */
		BA4F725920BE677C006417EA /* ShadowsocksX-dummy */ = {
			isa = PBXNativeTarget;
			buildConfigurationList = BA4F727520BE677E006417EA /* Build configuration list for PBXNativeTarget "ShadowsocksX-dummy" */;
			buildPhases = (
				BA4F725620BE677C006417EA /* Sources */,
				BA4F725720BE677C006417EA /* Frameworks */,
				BA4F725820BE677C006417EA /* Resources */,
			);
			buildRules = (
			);
			dependencies = (
			);
			name = "ShadowsocksX-dummy";
			productName = "ShadowsocksX-dummy";
			productReference = BA4F725A20BE677C006417EA /* ShadowsocksX-dummy.app */;
			productType = "com.apple.product-type.application";
		};
		BA4F726B20BE677E006417EA /* ShadowsocksX-dummyTests */ = {
			isa = PBXNativeTarget;
			buildConfigurationList = BA4F727820BE677E006417EA /* Build configuration list for PBXNativeTarget "ShadowsocksX-dummyTests" */;
			buildPhases = (
				BA4F726820BE677E006417EA /* Sources */,
				BA4F726920BE677E006417EA /* Frameworks */,
				BA4F726A20BE677E006417EA /* Resources */,
			);
			buildRules = (
			);
			dependencies = (
				BA4F726E20BE677E006417EA /* PBXTargetDependency */,
			);
			name = "ShadowsocksX-dummyTests";
			productName = "ShadowsocksX-dummyTests";
			productReference = BA4F726C20BE677E006417EA /* ShadowsocksX-dummyTests.xctest */;
			productType = "com.apple.product-type.bundle.unit-test";
		};
/* End PBXNativeTarget section */

/* Begin PBXProject section */
		BA4F725220BE677C006417EA /* Project object */ = {
			isa = PBXProject;
			attributes = {
				LastSwiftUpdateCheck = 0930;
				LastUpgradeCheck = 0930;
				ORGANIZATIONNAME = "Keqiu Hu";
				TargetAttributes = {
					BA4F725920BE677C006417EA = {
						CreatedOnToolsVersion = 9.3.1;
					};
					BA4F726B20BE677E006417EA = {
						CreatedOnToolsVersion = 9.3.1;
						TestTargetID = BA4F725920BE677C006417EA;
					};
				};
			};
			buildConfigurationList = BA4F725520BE677C006417EA /* Build configuration list for PBXProject "ShadowsocksX-dummy" */;
			compatibilityVersion = "Xcode 9.3";
			developmentRegion = en;
			hasScannedForEncodings = 0;
			knownRegions = (
				en,
				Base,
			);
			mainGroup = BA4F725120BE677C006417EA;
			productRefGroup = BA4F725B20BE677C006417EA /* Products */;
			projectDirPath = "";
			projectRoot = "";
			targets = (
				BA4F725920BE677C006417EA /* ShadowsocksX-dummy */,
				BA4F726B20BE677E006417EA /* ShadowsocksX-dummyTests */,
			);
		};
/* End PBXProject section */

/* Begin PBXResourcesBuildPhase section */
		BA4F725820BE677C006417EA /* Resources */ = {
			isa = PBXResourcesBuildPhase;
			buildActionMask = 2147483647;
			files = (
				BA4F726220BE677E006417EA /* Assets.xcassets in Resources */,
				BA4F726520BE677E006417EA /* Main.storyboard in Resources */,
			);
			runOnlyForDeploymentPostprocessing = 0;
		};
		BA4F726A20BE677E006417EA /* Resources */ = {
			isa = PBXResourcesBuildPhase;
			buildActionMask = 2147483647;
			files = (
			);
			runOnlyForDeploymentPostprocessing = 0;
		};
/* End PBXResourcesBuildPhase section */

/* Begin PBXSourcesBuildPhase section */
		BA4F725620BE677C006417EA /* Sources */ = {
			isa = PBXSourcesBuildPhase;
			buildActionMask = 2147483647;
			files = (
				BA4F726020BE677C006417EA /* ViewController.swift in Sources */,
				BA4F725E20BE677C006417EA /* AppDelegate.swift in Sources */,
			);
			runOnlyForDeploymentPostprocessing = 0;
		};
		BA4F726820BE677E006417EA /* Sources */ = {
			isa = PBXSourcesBuildPhase;
			buildActionMask = 2147483647;
			files = (
				BA4F727120BE677E006417EA /* ShadowsocksX_dummyTests.swift in Sources */,
			);
			runOnlyForDeploymentPostprocessing = 0;
		};
/* End PBXSourcesBuildPhase section */

/* Begin PBXTargetDependency section */
		BA4F726E20BE677E006417EA /* PBXTargetDependency */ = {
			isa = PBXTargetDependency;
			target = BA4F725920BE677C006417EA /* ShadowsocksX-dummy */;
			targetProxy = BA4F726D20BE677E006417EA /* PBXContainerItemProxy */;
		};
/* End PBXTargetDependency section */

/* Begin PBXVariantGroup section */
		BA4F726320BE677E006417EA /* Main.storyboard */ = {
			isa = PBXVariantGroup;
			children = (
				BA4F726420BE677E006417EA /* Base */,
			);
			name = Main.storyboard;
			sourceTree = "<group>";
		};
/* End PBXVariantGroup section */

/* Begin XCBuildConfiguration section */
		BA4F727320BE677E006417EA /* Debug */ = {
			isa = XCBuildConfiguration;
			buildSettings = {
				ALWAYS_SEARCH_USER_PATHS = NO;
				CLANG_ANALYZER_NONNULL = YES;
				CLANG_ANALYZER_NUMBER_OBJECT_CONVERSION = YES_AGGRESSIVE;
				CLANG_CXX_LANGUAGE_STANDARD = "gnu++14";
				CLANG_CXX_LIBRARY = "libc++";
				CLANG_ENABLE_MODULES = YES;
				CLANG_ENABLE_OBJC_ARC = YES;
				CLANG_ENABLE_OBJC_WEAK = YES;
				CLANG_WARN_BLOCK_CAPTURE_AUTORELEASING = YES;
				CLANG_WARN_BOOL_CONVERSION = YES;
				CLANG_WARN_COMMA = YES;
				CLANG_WARN_CONSTANT_CONVERSION = YES;
				CLANG_WARN_DEPRECATED_OBJC_IMPLEMENTATIONS = YES;
				CLANG_WARN_DIRECT_OBJC_ISA_USAGE = YES_ERROR;
				CLANG_WARN_DOCUMENTATION_COMMENTS = YES;
				CLANG_WARN_EMPTY_BODY = YES;
				CLANG_WARN_ENUM_CONVERSION = YES;
				CLANG_WARN_INFINITE_RECURSION = YES;
				CLANG_WARN_INT_CONVERSION = YES;
				CLANG_WARN_NON_LITERAL_NULL_CONVERSION = YES;
				CLANG_WARN_OBJC_IMPLICIT_RETAIN_SELF = YES;
				CLANG_WARN_OBJC_LITERAL_CONVERSION = YES;
				CLANG_WARN_OBJC_ROOT_CLASS = YES_ERROR;
				CLANG_WARN_RANGE_LOOP_ANALYSIS = YES;
				CLANG_WARN_STRICT_PROTOTYPES = YES;
				CLANG_WARN_SUSPICIOUS_MOVE = YES;
				CLANG_WARN_UNGUARDED_AVAILABILITY = YES_AGGRESSIVE;
				CLANG_WARN_UNREACHABLE_CODE = YES;
				CLANG_WARN__DUPLICATE_METHOD_MATCH = YES;
				CODE_SIGN_IDENTITY = "Mac Developer";
				COPY_PHASE_STRIP = NO;
				DEBUG_INFORMATION_FORMAT = dwarf;
				ENABLE_STRICT_OBJC_MSGSEND = YES;
				ENABLE_TESTABILITY = YES;
				GCC_C_LANGUAGE_STANDARD = gnu11;
				GCC_DYNAMIC_NO_PIC = NO;
				GCC_NO_COMMON_BLOCKS = YES;
				GCC_OPTIMIZATION_LEVEL = 0;
				GCC_PREPROCESSOR_DEFINITIONS = (
					"DEBUG=1",
					"$(inherited)",
				);
				GCC_WARN_64_TO_32_BIT_CONVERSION = YES;
				GCC_WARN_ABOUT_RETURN_TYPE = YES_ERROR;
				GCC_WARN_UNDECLARED_SELECTOR = YES;
				GCC_WARN_UNINITIALIZED_AUTOS = YES_AGGRESSIVE;
				GCC_WARN_UNUSED_FUNCTION = YES;
				GCC_WARN_UNUSED_VARIABLE = YES;
				MACOSX_DEPLOYMENT_TARGET = 10.13;
				MTL_ENABLE_DEBUG_INFO = YES;
				ONLY_ACTIVE_ARCH = YES;
				SDKROOT = macosx;
				SWIFT_ACTIVE_COMPILATION_CONDITIONS = DEBUG;
				SWIFT_OPTIMIZATION_LEVEL = "-Onone";
			};
			name = Debug;
		};
		BA4F727420BE677E006417EA /* Release */ = {
			isa = XCBuildConfiguration;
			buildSettings = {
				ALWAYS_SEARCH_USER_PATHS = NO;
				CLANG_ANALYZER_NONNULL = YES;
				CLANG_ANALYZER_NUMBER_OBJECT_CONVERSION = YES_AGGRESSIVE;
				CLANG_CXX_LANGUAGE_STANDARD = "gnu++14";
				CLANG_CXX_LIBRARY = "libc++";
				CLANG_ENABLE_MODULES = YES;
				CLANG_ENABLE_OBJC_ARC = YES;
				CLANG_ENABLE_OBJC_WEAK = YES;
				CLANG_WARN_BLOCK_CAPTURE_AUTORELEASING = YES;
				CLANG_WARN_BOOL_CONVERSION = YES;
				CLANG_WARN_COMMA = YES;
				CLANG_WARN_CONSTANT_CONVERSION = YES;
				CLANG_WARN_DEPRECATED_OBJC_IMPLEMENTATIONS = YES;
				CLANG_WARN_DIRECT_OBJC_ISA_USAGE = YES_ERROR;
				CLANG_WARN_DOCUMENTATION_COMMENTS = YES;
				CLANG_WARN_EMPTY_BODY = YES;
				CLANG_WARN_ENUM_CONVERSION = YES;
				CLANG_WARN_INFINITE_RECURSION = YES;
				CLANG_WARN_INT_CONVERSION = YES;
				CLANG_WARN_NON_LITERAL_NULL_CONVERSION = YES;
				CLANG_WARN_OBJC_IMPLICIT_RETAIN_SELF = YES;
				CLANG_WARN_OBJC_LITERAL_CONVERSION = YES;
				CLANG_WARN_OBJC_ROOT_CLASS = YES_ERROR;
				CLANG_WARN_RANGE_LOOP_ANALYSIS = YES;
				CLANG_WARN_STRICT_PROTOTYPES = YES;
				CLANG_WARN_SUSPICIOUS_MOVE = YES;
				CLANG_WARN_UNGUARDED_AVAILABILITY = YES_AGGRESSIVE;
				CLANG_WARN_UNREACHABLE_CODE = YES;
				CLANG_WARN__DUPLICATE_METHOD_MATCH = YES;
				CODE_SIGN_IDENTITY = "Mac Developer";
				COPY_PHASE_STRIP = NO;
				DEBUG_INFORMATION_FORMAT = "dwarf-with-dsym";
				ENABLE_NS_ASSERTIONS = NO;
				ENABLE_STRICT_OBJC_MSGSEND = YES;
				GCC_C_LANGUAGE_STANDARD = gnu11;
				GCC_NO_COMMON_BLOCKS = YES;
				GCC_WARN_64_TO_32_BIT_CONVERSION = YES;
				GCC_WARN_ABOUT_RETURN_TYPE = YES_ERROR;
				GCC_WARN_UNDECLARED_SELECTOR = YES;
				GCC_WARN_UNINITIALIZED_AUTOS = YES_AGGRESSIVE;
				GCC_WARN_UNUSED_FUNCTION = YES;
				GCC_WARN_UNUSED_VARIABLE = YES;
				MACOSX_DEPLOYMENT_TARGET = 10.13;
				MTL_ENABLE_DEBUG_INFO = NO;
				SDKROOT = macosx;
				SWIFT_COMPILATION_MODE = wholemodule;
				SWIFT_OPTIMIZATION_LEVEL = "-O";
			};
			name = Release;
		};
		BA4F727620BE677E006417EA /* Debug */ = {
			isa = XCBuildConfiguration;
			buildSettings = {
				ASSETCATALOG_COMPILER_APPICON_NAME = AppIcon;
				CODE_SIGN_ENTITLEMENTS = "ShadowsocksX-dummy/ShadowsocksX_dummy.entitlements";
				CODE_SIGN_STYLE = Automatic;
				COMBINE_HIDPI_IMAGES = YES;
				DEVELOPMENT_TEAM = 2243E5YVZ9;
				INFOPLIST_FILE = "ShadowsocksX-dummy/Info.plist";
				LD_RUNPATH_SEARCH_PATHS = (
					"$(inherited)",
					"@executable_path/../Frameworks",
				);
				PRODUCT_BUNDLE_IDENTIFIER = "com.chuanyue.ShadowsocksX-dummy";
				PRODUCT_NAME = "$(TARGET_NAME)";
				SWIFT_VERSION = 4.0;
			};
			name = Debug;
		};
		BA4F727720BE677E006417EA /* Release */ = {
			isa = XCBuildConfiguration;
			buildSettings = {
				ASSETCATALOG_COMPILER_APPICON_NAME = AppIcon;
				CODE_SIGN_ENTITLEMENTS = "ShadowsocksX-dummy/ShadowsocksX_dummy.entitlements";
				CODE_SIGN_STYLE = Automatic;
				COMBINE_HIDPI_IMAGES = YES;
				DEVELOPMENT_TEAM = 2243E5YVZ9;
				INFOPLIST_FILE = "ShadowsocksX-dummy/Info.plist";
				LD_RUNPATH_SEARCH_PATHS = (
					"$(inherited)",
					"@executable_path/../Frameworks",
				);
				PRODUCT_BUNDLE_IDENTIFIER = "com.chuanyue.ShadowsocksX-dummy";
				PRODUCT_NAME = "$(TARGET_NAME)";
				SWIFT_VERSION = 4.0;
			};
			name = Release;
		};
		BA4F727920BE677E006417EA /* Debug */ = {
			isa = XCBuildConfiguration;
			buildSettings = {
				ALWAYS_EMBED_SWIFT_STANDARD_LIBRARIES = YES;
				BUNDLE_LOADER = "$(TEST_HOST)";
				CODE_SIGN_STYLE = Automatic;
				COMBINE_HIDPI_IMAGES = YES;
				DEVELOPMENT_TEAM = 2243E5YVZ9;
				INFOPLIST_FILE = "ShadowsocksX-dummyTests/Info.plist";
				LD_RUNPATH_SEARCH_PATHS = (
					"$(inherited)",
					"@executable_path/../Frameworks",
					"@loader_path/../Frameworks",
				);
				PRODUCT_BUNDLE_IDENTIFIER = "com.chuanyue.ShadowsocksX-dummyTests";
				PRODUCT_NAME = "$(TARGET_NAME)";
				SWIFT_VERSION = 4.0;
				TEST_HOST = "$(BUILT_PRODUCTS_DIR)/ShadowsocksX-dummy.app/Contents/MacOS/ShadowsocksX-dummy";
			};
			name = Debug;
		};
		BA4F727A20BE677E006417EA /* Release */ = {
			isa = XCBuildConfiguration;
			buildSettings = {
				ALWAYS_EMBED_SWIFT_STANDARD_LIBRARIES = YES;
				BUNDLE_LOADER = "$(TEST_HOST)";
				CODE_SIGN_STYLE = Automatic;
				COMBINE_HIDPI_IMAGES = YES;
				DEVELOPMENT_TEAM = 2243E5YVZ9;
				INFOPLIST_FILE = "ShadowsocksX-dummyTests/Info.plist";
				LD_RUNPATH_SEARCH_PATHS = (
					"$(inherited)",
					"@executable_path/../Frameworks",
					"@loader_path/../Frameworks",
				);
				PRODUCT_BUNDLE_IDENTIFIER = "com.chuanyue.ShadowsocksX-dummyTests";
				PRODUCT_NAME = "$(TARGET_NAME)";
				SWIFT_VERSION = 4.0;
				TEST_HOST = "$(BUILT_PRODUCTS_DIR)/ShadowsocksX-dummy.app/Contents/MacOS/ShadowsocksX-dummy";
			};
			name = Release;
		};
/* End XCBuildConfiguration section */

/* Begin XCConfigurationList section */
		BA4F725520BE677C006417EA /* Build configuration list for PBXProject "ShadowsocksX-dummy" */ = {
			isa = XCConfigurationList;
			buildConfigurations = (
				BA4F727320BE677E006417EA /* Debug */,
				BA4F727420BE677E006417EA /* Release */,
			);
			defaultConfigurationIsVisible = 0;
			defaultConfigurationName = Release;
		};
		BA4F727520BE677E006417EA /* Build configuration list for PBXNativeTarget "ShadowsocksX-dummy" */ = {
			isa = XCConfigurationList;
			buildConfigurations = (
				BA4F727620BE677E006417EA /* Debug */,
				BA4F727720BE677E006417EA /* Release */,
			);
			defaultConfigurationIsVisible = 0;
			defaultConfigurationName = Release;
		};
		BA4F727820BE677E006417EA /* Build configuration list for PBXNativeTarget "ShadowsocksX-dummyTests" */ = {
			isa = XCConfigurationList;
			buildConfigurations = (
				BA4F727920BE677E006417EA /* Debug */,
				BA4F727A20BE677E006417EA /* Release */,
			);
			defaultConfigurationIsVisible = 0;
			defaultConfigurationName = Release;
		};
/* End XCConfigurationList section */
	};
	rootObject = BA4F725220BE677C006417EA /* Project object */;
}
